{
  "name": "todolist",
  "version": "1.0.0",
  "lockfileVersion": 1,
  "requires": true,
  "dependencies": {
    "simple-icons": {
      "version": "5.12.0",
      "resolved": "https://registry.npmjs.org/simple-icons/-/simple-icons-5.12.0.tgz",
      "integrity": "sha512-iF5ZJuv/jPU2tdkc5aNXsirQg2kOggvcOUw2kMafCrelrr3Sj0ywRJkr+0uVniD1Kj6ayT1yb1IquBRHrYw10g=="
    }
  }
}
